
Microsoft Visual Studio Solution File, Format Version 12.00
# Visual Studio Version 17
VisualStudioVersion = 17.14.37328.6
MinimumVisualStudioVersion = 10.0.40219.1
Project("{FAE04EC0-301F-11D3-BF4B-00C04F79EFBC}") = "pryTaquillaDeCine", "pryTaquillaDeCine.csproj", "{0B5C69E1-DE2B-42F6-A121-7A14265DC4DE}"
EndProject
Project("{2150E333-8FDC-42A3-9474-1A3956D46DE8}") = "Elementos de la solución", "Elementos de la solución", "{D107F4C8-89CC-BEA8-D3D7-CA6B7733353D}"
	ProjectSection(SolutionItems) = preProject
		..\..\..\Downloads\Evidencias_Equipo.pdf = ..\..\..\Downloads\Evidencias_Equipo.pdf
	EndProjectSection
EndProject
Global
	GlobalSection(SolutionConfigurationPlatforms) = preSolution
		Debug|Any CPU = Debug|Any CPU
		Release|Any CPU = Release|Any CPU
	EndGlobalSection
	GlobalSection(ProjectConfigurationPlatforms) = postSolution
		{0B5C69E1-DE2B-42F6-A121-7A14265DC4DE}.Debug|Any CPU.ActiveCfg = Debug|Any CPU
		{0B5C69E1-DE2B-42F6-A121-7A14265DC4DE}.Debug|Any CPU.Build.0 = Debug|Any CPU
		{0B5C69E1-DE2B-42F6-A121-7A14265DC4DE}.Release|Any CPU.ActiveCfg = Release|Any CPU
		{0B5C69E1-DE2B-42F6-A121-7A14265DC4DE}.Release|Any CPU.Build.0 = Release|Any CPU
	EndGlobalSection
	GlobalSection(SolutionProperties) = preSolution
		HideSolutionNode = FALSE
	EndGlobalSection
	GlobalSection(ExtensibilityGlobals) = postSolution
		SolutionGuid = {E5FFF1AA-655E-4D9B-AFDF-641882DAAFA9}
	EndGlobalSection
EndGlobal
